<?xml version="1.0" encoding="utf-8"?>
<Project ToolsVersion="4.0" xmlns="http://schemas.microsoft.com/developer/msbuild/2003">
  <ItemGroup>
    <Filter Include="Screens">
      <UniqueIdentifier>{f78690a0-57ee-46a8-906b-aee84a9c9db5}</UniqueIdentifier>
    </Filter>
    <Filter Include="App">
      <UniqueIdentifier>{f03b027a-4a2d-47ff-a985-9793f549ab2f}</UniqueIdentifier>
    </Filter>
    <Filter Include="Render">
      <UniqueIdentifier>{2b07a2b1-98cb-4036-81cb-c0ef3b9effef}</UniqueIdentifier>
    </Filter>
  </ItemGroup>
  <ItemGroup>
    <ClCompile Include="Screens\CareerHub.cpp">
      <Filter>Screens</Filter>
    </ClCompile>
    <ClCompile Include="Screens\MainMenu.cpp">
      <Filter>Screens</Filter>
    </ClCompile>
    <ClCompile Include="Screens\RacerScreen.cpp">
      <Filter>Screens</Filter>
    </ClCompile>
    <ClCompile Include="Screens\RaceScreen.cpp">
      <Filter>Screens</Filter>
    </ClCompile>
    <ClCompile Include="Screens\RankingScreen.cpp">
      <Filter>Screens</Filter>
    </ClCompile>
    <ClCompile Include="app\App.cpp">
      <Filter>App</Filter>
    </ClCompile>
    <ClCompile Include="app\CommandLine.cpp">
      <Filter>App</Filter>
    </ClCompile>
    <ClCompile Include="render\AppRenderer.cpp">
      <Filter>Render</Filter>
    </ClCompile>
    <ClCompile Include="render\Renderer.cpp">
      <Filter>Render</Filter>
    </ClCompile>
    <ClCompile Include="Audio.cpp" />
    <ClCompile Include="Career.cpp" />
    <ClCompile Include="Main.cpp" />
    <ClCompile Include="Race.cpp" />
    <ClCompile Include="Racer.cpp" />
    <ClCompile Include="RaceState.cpp" />
    <ClCompile Include="State.cpp" />
    <ClCompile Include="Util.cpp" />
  </ItemGroup>
  <ItemGroup>
    <ClInclude Include="Screens\CareerHub.h">
      <Filter>Screens</Filter>
    </ClInclude>
    <ClInclude Include="Screens\MainMenu.h">
      <Filter>Screens</Filter>
    </ClInclude>
    <ClInclude Include="Screens\RacerScreen.h">
      <Filter>Screens</Filter>
    </ClInclude>
    <ClInclude Include="Screens\RaceScreen.h">
      <Filter>Screens</Filter>
    </ClInclude>
    <ClInclude Include="Screens\RankingScreen.h">
      <Filter>Screens</Filter>
    </ClInclude>
    <ClInclude Include="Screens\Screens.h">
      <Filter>Screens</Filter>
    </ClInclude>
    <ClInclude Include="app\App.h">
      <Filter>App</Filter>
    </ClInclude>
    <ClInclude Include="app\CommandLine.h">
      <Filter>App</Filter>
    </ClInclude>
    <ClInclude Include="render\AppRenderer.h">
      <Filter>Render</Filter>
    </ClInclude>
    <ClInclude Include="render\Renderer.h">
      <Filter>Render</Filter>
    </ClInclude>
    <ClInclude Include="Audio.h" />
    <ClInclude Include="Career.h" />
    <ClInclude Include="Race.h" />
    <ClInclude Include="Racer.h" />
    <ClInclude Include="RaceState.h" />
    <ClInclude Include="TODO.h" />
    <ClInclude Include="Util.h" />
  </ItemGroup>
</Project>