<?xml version="1.0" encoding="utf-8"?>
<Project ToolsVersion="4.0" xmlns="http://schemas.microsoft.com/developer/msbuild/2003">
  <ItemGroup>
    <Filter Include="Screens">
      <UniqueIdentifier>{f78690a0-57ee-46a8-906b-aee84a9c9db5}</UniqueIdentifier>
    </Filter>
    <Filter Include="App">
      <UniqueIdentifier>{f03b027a-4a2d-47ff-a985-9793f549ab2f}</UniqueIdentifier>
    </Filter>
    <Filter Include="Render">
      <UniqueIdentifier>{2b07a2b1-98cb-4036-81cb-c0ef3b9effef}</UniqueIdentifier>
    </Filter>
  </ItemGroup>
  <ItemGroup>
    <ClCompile Include="Audio.cpp" />
    <ClCompile Include="Career.cpp" />
    <ClCompile Include="Main.cpp" />
    <ClCompile Include="Race.cpp" />
    <ClCompile Include="Racer.cpp" />
    <ClCompile Include="RaceState.cpp" />
    <ClCompile Include="State.cpp" />
    <ClCompile Include="Util.cpp" />
    <ClCompile Include="CommandLine.cpp" />
    <ClCompile Include="App.cpp">
      <Filter>App</Filter>
    </ClCompile>
    <ClCompile Include="AppRenderer.cpp">
      <Filter>App</Filter>
    </ClCompile>
    <ClCompile Include="RacerScreen.cpp">
      <Filter>Screens</Filter>
    </ClCompile>
    <ClCompile Include="RaceScreen.cpp">
      <Filter>Screens</Filter>
    </ClCompile>
    <ClCompile Include="MainMenu.cpp">
      <Filter>Screens</Filter>
    </ClCompile>
    <ClCompile Include="CareerHub.cpp">
      <Filter>Screens</Filter>
    </ClCompile>
    <ClCompile Include="RankingScreen.cpp">
      <Filter>Screens</Filter>
    </ClCompile>
    <ClCompile Include="Renderer.cpp">
      <Filter>Render</Filter>
    </ClCompile>
  </ItemGroup>
  <ItemGroup>
    <ClInclude Include="Audio.h" />
    <ClInclude Include="Career.h" />
    <ClInclude Include="Race.h" />
    <ClInclude Include="Racer.h" />
    <ClInclude Include="RaceState.h" />
    <ClInclude Include="TODO.h" />
    <ClInclude Include="Util.h" />
    <ClInclude Include="CommandLine.h" />
    <ClInclude Include="App.h">
      <Filter>App</Filter>
    </ClInclude>
    <ClInclude Include="AppRenderer.h">
      <Filter>App</Filter>
    </ClInclude>
    <ClInclude Include="RacerScreen.h">
      <Filter>Screens</Filter>
    </ClInclude>
    <ClInclude Include="RaceScreen.h">
      <Filter>Screens</Filter>
    </ClInclude>
    <ClInclude Include="MainMenu.h">
      <Filter>Screens</Filter>
    </ClInclude>
    <ClInclude Include="CareerHub.h">
      <Filter>Screens</Filter>
    </ClInclude>
    <ClInclude Include="RankingScreen.h">
      <Filter>Screens</Filter>
    </ClInclude>
    <ClInclude Include="screens.h">
      <Filter>Screens</Filter>
    </ClInclude>
    <ClInclude Include="Renderer.h">
      <Filter>Render</Filter>
    </ClInclude>
  </ItemGroup>
</Project>